{
  "nodes": {
    "gcc-nixpkgs": {
      "locked": {
        "lastModified": 1781808408,
        "narHash": "sha256-0sOb6OIaD/K1zHxBhpmlKvkADfe0n8+l4Jj2e1Q0r3w=",
        "owner": "NixOS",
        "repo": "nixpkgs",
        "rev": "e8210c649915deed7080033cdbabcc19e40bb899",
        "type": "github"
      },
      "original": {
        "owner": "NixOS",
        "repo": "nixpkgs",
        "rev": "e8210c649915deed7080033cdbabcc19e40bb899",
        "type": "github"
      }
    },
    "nixpkgs": {
      "locked": {
        "lastModified": 1784391733,
        "narHash": "sha256-OSUX4IYq3ggDxdS+I8X+g8oaS23g626x46Z5l67P2Hk=",
        "owner": "NixOS",
        "repo": "nixpkgs",
        "rev": "a418a0f7ab27a138f681319fcb30e6f1f58dfa44",
        "type": "github"
      },
      "original": {
        "owner": "NixOS",
        "repo": "nixpkgs",
        "rev": "a418a0f7ab27a138f681319fcb30e6f1f58dfa44",
        "type": "github"
      }
    },
    "root": {
      "inputs": {
        "gcc-nixpkgs": "gcc-nixpkgs",
        "nixpkgs": "nixpkgs"
      }
    }
  },
  "root": "root",
  "version": 7
}
